{
  "name": "chromium-vim",
  "requires": true,
  "lockfileVersion": 1,
  "dependencies": {
    "argparse": {
      "version": "2.0.1",
      "resolved": "https://registry.nlark.com/argparse/download/argparse-2.0.1.tgz",
      "integrity": "sha1-JG9Q88p4oyQPbJl+ipvR6sSeSzg=",
      "dev": true
    },
    "entities": {
      "version": "2.1.0",
      "resolved": "https://registry.nlark.com/entities/download/entities-2.1.0.tgz?cache=0&sync_timestamp=1628508126700&other_urls=https%3A%2F%2Fregistry.nlark.com%2Fentities%2Fdownload%2Fentities-2.1.0.tgz",
      "integrity": "sha1-mS0xKc999ocLlsV4WMJJoSD4uLU=",
      "dev": true
    },
    "highlight.js": {
      "version": "11.3.1",
      "resolved": "https://registry.npmmirror.com/highlight.js/download/highlight.js-11.3.1.tgz",
      "integrity": "sha1-gTB47zqlGcYXAPhP6QRyMcXcMpE=",
      "dev": true
    },
    "linkify-it": {
      "version": "3.0.3",
      "resolved": "https://registry.npmmirror.com/linkify-it/download/linkify-it-3.0.3.tgz",
      "integrity": "sha1-qYuvRM5FpVDvtNScdp0HUkzC+i4=",
      "dev": true,
      "requires": {
        "uc.micro": "^1.0.1"
      }
    },
    "markdown-it": {
      "version": "12.2.0",
      "resolved": "https://registry.nlark.com/markdown-it/download/markdown-it-12.2.0.tgz",
      "integrity": "sha1-CR9yD9XbIG+A3nqNHxpwNf0NONs=",
      "dev": true,
      "requires": {
        "argparse": "^2.0.1",
        "entities": "~2.1.0",
        "linkify-it": "^3.0.1",
        "mdurl": "^1.0.1",
        "uc.micro": "^1.0.5"
      }
    },
    "mdurl": {
      "version": "1.0.1",
      "resolved": "https://registry.nlark.com/mdurl/download/mdurl-1.0.1.tgz",
      "integrity": "sha1-/oWy7HWlkDfyrf7BAP1sYBdhFS4=",
      "dev": true
    },
    "pegjs": {
      "version": "0.10.0",
      "resolved": "https://registry.nlark.com/pegjs/download/pegjs-0.10.0.tgz",
      "integrity": "sha1-z4uvrm7d/0tafvsYUmnqr0YQ3b0=",
      "dev": true
    },
    "uc.micro": {
      "version": "1.0.6",
      "resolved": "https://registry.nlark.com/uc.micro/download/uc.micro-1.0.6.tgz",
      "integrity": "sha1-nEEagCpAmpH8bPdAgbq6NLJEmaw=",
      "dev": true
    }
  }
}
